Microsoft Visual Studio Solution File, Format Version 12.00
# Visual Studio 2012
Project("{FAE04EC0-301F-11D3-BF4B-00C04F79EFBC}") = "Fringe Tactics", "Fringe Tactics.csproj", "{8AB0A061-E04D-44ED-A3A1-9FB7EDADA0EE}"
EndProject
Global
	GlobalSection(SolutionConfigurationPlatforms) = preSolution
	Debug|Any CPU = Debug|Any CPU
	ExportDebug|Any CPU = ExportDebug|Any CPU
	ExportRelease|Any CPU = ExportRelease|Any CPU
	EndGlobalSection
	GlobalSection(ProjectConfigurationPlatforms) = postSolution
		{8AB0A061-E04D-44ED-A3A1-9FB7EDADA0EE}.Debug|Any CPU.ActiveCfg = Debug|Any CPU
		{8AB0A061-E04D-44ED-A3A1-9FB7EDADA0EE}.Debug|Any CPU.Build.0 = Debug|Any CPU
		{8AB0A061-E04D-44ED-A3A1-9FB7EDADA0EE}.ExportDebug|Any CPU.ActiveCfg = ExportDebug|Any CPU
		{8AB0A061-E04D-44ED-A3A1-9FB7EDADA0EE}.ExportDebug|Any CPU.Build.0 = ExportDebug|Any CPU
		{8AB0A061-E04D-44ED-A3A1-9FB7EDADA0EE}.ExportRelease|Any CPU.ActiveCfg = ExportRelease|Any CPU
		{8AB0A061-E04D-44ED-A3A1-9FB7EDADA0EE}.ExportRelease|Any CPU.Build.0 = ExportRelease|Any CPU
	EndGlobalSection
EndGlobal
